
Microsoft Visual Studio Solution File, Format Version 12.00
# Visual Studio 15
VisualStudioVersion = 15.0.34031.82
MinimumVisualStudioVersion = 10.0.40219.1
Project("{8BC9CEB8-8B4A-11D0-8D11-00A0C91BC942}") = "6.11", "6.11\6.11.vcxproj", "{203D55DC-2111-45FA-BCBD-1BDD5C8E139E}"
EndProject
Global
	GlobalSection(SolutionConfigurationPlatforms) = preSolution
		Debug|x64 = Debug|x64
		Debug|x86 = Debug|x86
		Release|x64 = Release|x64
		Release|x86 = Release|x86
	EndGlobalSection
	GlobalSection(ProjectConfigurationPlatforms) = postSolution
		{203D55DC-2111-45FA-BCBD-1BDD5C8E139E}.Debug|x64.ActiveCfg = Debug|x64
		{203D55DC-2111-45FA-BCBD-1BDD5C8E139E}.Debug|x64.Build.0 = Debug|x64
		{203D55DC-2111-45FA-BCBD-1BDD5C8E139E}.Debug|x86.ActiveCfg = Debug|Win32
		{203D55DC-2111-45FA-BCBD-1BDD5C8E139E}.Debug|x86.Build.0 = Debug|Win32
		{203D55DC-2111-45FA-BCBD-1BDD5C8E139E}.Release|x64.ActiveCfg = Release|x64
		{203D55DC-2111-45FA-BCBD-1BDD5C8E139E}.Release|x64.Build.0 = Release|x64
		{203D55DC-2111-45FA-BCBD-1BDD5C8E139E}.Release|x86.ActiveCfg = Release|Win32
		{203D55DC-2111-45FA-BCBD-1BDD5C8E139E}.Release|x86.Build.0 = Release|Win32
	EndGlobalSection
	GlobalSection(SolutionProperties) = preSolution
		HideSolutionNode = FALSE
	EndGlobalSection
	GlobalSection(ExtensibilityGlobals) = postSolution
		SolutionGuid = {0B7DEDA4-12F4-499B-98C6-015BC2B1A05F}
	EndGlobalSection
EndGlobal
